
Microsoft Visual Studio Solution File, Format Version 12.00
# Visual Studio Version 17
VisualStudioVersion = 17.6.33723.286
MinimumVisualStudioVersion = 10.0.40219.1
Project("{9A19103F-16F7-4668-BE54-9A1E7A4F7556}") = "server", "server\server.csproj", "{FC815229-83B9-4780-975A-B8A0D29E464E}"
EndProject
Project("{9A19103F-16F7-4668-BE54-9A1E7A4F7556}") = "klient", "klient\klient.csproj", "{5EAC9CA8-8103-4CAD-B7D7-E02C1784357E}"
EndProject
Project("{FAE04EC0-301F-11D3-BF4B-00C04F79EFBC}") = "shared", "shared\shared.csproj", "{05BE8964-0EF8-4D8F-91E8-15A47969E4A5}"
EndProject
Global
	GlobalSection(SolutionConfigurationPlatforms) = preSolution
		Debug|Any CPU = Debug|Any CPU
		Release|Any CPU = Release|Any CPU
	EndGlobalSection
	GlobalSection(ProjectConfigurationPlatforms) = postSolution
		{FC815229-83B9-4780-975A-B8A0D29E464E}.Debug|Any CPU.ActiveCfg = Debug|Any CPU
		{FC815229-83B9-4780-975A-B8A0D29E464E}.Debug|Any CPU.Build.0 = Debug|Any CPU
		{FC815229-83B9-4780-975A-B8A0D29E464E}.Release|Any CPU.ActiveCfg = Release|Any CPU
		{FC815229-83B9-4780-975A-B8A0D29E464E}.Release|Any CPU.Build.0 = Release|Any CPU
		{5EAC9CA8-8103-4CAD-B7D7-E02C1784357E}.Debug|Any CPU.ActiveCfg = Debug|Any CPU
		{5EAC9CA8-8103-4CAD-B7D7-E02C1784357E}.Debug|Any CPU.Build.0 = Debug|Any CPU
		{5EAC9CA8-8103-4CAD-B7D7-E02C1784357E}.Release|Any CPU.ActiveCfg = Release|Any CPU
		{5EAC9CA8-8103-4CAD-B7D7-E02C1784357E}.Release|Any CPU.Build.0 = Release|Any CPU
		{05BE8964-0EF8-4D8F-91E8-15A47969E4A5}.Debug|Any CPU.ActiveCfg = Debug|Any CPU
		{05BE8964-0EF8-4D8F-91E8-15A47969E4A5}.Debug|Any CPU.Build.0 = Debug|Any CPU
		{05BE8964-0EF8-4D8F-91E8-15A47969E4A5}.Release|Any CPU.ActiveCfg = Release|Any CPU
		{05BE8964-0EF8-4D8F-91E8-15A47969E4A5}.Release|Any CPU.Build.0 = Release|Any CPU
	EndGlobalSection
	GlobalSection(SolutionProperties) = preSolution
		HideSolutionNode = FALSE
	EndGlobalSection
	GlobalSection(ExtensibilityGlobals) = postSolution
		SolutionGuid = {B418D8CF-FB33-40EA-8025-B8387B15B6E1}
	EndGlobalSection
EndGlobal
